// !$*UTF8*$!
{
	archiveVersion = 1;
	classes = {
	};
	objectVersion = 46;
	objects = {

/* Begin PBXBuildFile section */
		4C0F81681B4C414900F40CE5 /* bomb.mp3 in Resources */ = {isa = PBXBuildFile; fileRef = 4C0F81631B4C414900F40CE5 /* bomb.mp3 */; };
		4C0F81691B4C414900F40CE5 /* drop.mp3 in Resources */ = {isa = PBXBuildFile; fileRef = 4C0F81641B4C414900F40CE5 /* drop.mp3 */; };
		4C0F816A1B4C414900F40CE5 /* gameover.mp3 in Resources */ = {isa = PBXBuildFile; fileRef = 4C0F81651B4C414900F40CE5 /* gameover.mp3 */; };
		4C0F816B1B4C414900F40CE5 /* levelup.mp3 in Resources */ = {isa = PBXBuildFile; fileRef = 4C0F81661B4C414900F40CE5 /* levelup.mp3 */; };
		4C0F816C1B4C414900F40CE5 /* theme.mp3 in Resources */ = {isa = PBXBuildFile; fileRef = 4C0F81671B4C414900F40CE5 /* theme.mp3 */; };
		4C0F81741B4C416E00F40CE5 /* background.png in Resources */ = {isa = PBXBuildFile; fileRef = 4C0F816E1B4C416E00F40CE5 /* background.png */; };
		4C0F81751B4C416E00F40CE5 /* background@2x.png in Resources */ = {isa = PBXBuildFile; fileRef = 4C0F816F1B4C416E00F40CE5 /* background@2x.png */; };
		4C0F81761B4C416E00F40CE5 /* gameboard.png in Resources */ = {isa = PBXBuildFile; fileRef = 4C0F81701B4C416E00F40CE5 /* gameboard.png */; };
		4C0F81771B4C416E00F40CE5 /* gameboard@2x.png in Resources */ = {isa = PBXBuildFile; fileRef = 4C0F81711B4C416E00F40CE5 /* gameboard@2x.png */; };
		4C0F81781B4C416E00F40CE5 /* whitebg.png in Resources */ = {isa = PBXBuildFile; fileRef = 4C0F81721B4C416E00F40CE5 /* whitebg.png */; };
		4C0F81791B4C416E00F40CE5 /* whitebg@2x.png in Resources */ = {isa = PBXBuildFile; fileRef = 4C0F81731B4C416E00F40CE5 /* whitebg@2x.png */; };
		4C0F817B1B4C41A200F40CE5 /* Sprites.atlas in Resources */ = {isa = PBXBuildFile; fileRef = 4C0F817A1B4C41A200F40CE5 /* Sprites.atlas */; };
		4C0F817D1B4C565E00F40CE5 /* Array2D.swift in Sources */ = {isa = PBXBuildFile; fileRef = 4C0F817C1B4C565E00F40CE5 /* Array2D.swift */; };
		4C828F411B4C3C36003A7DB2 /* AppDelegate.swift in Sources */ = {isa = PBXBuildFile; fileRef = 4C828F401B4C3C36003A7DB2 /* AppDelegate.swift */; };
		4C828F451B4C3C36003A7DB2 /* GameScene.swift in Sources */ = {isa = PBXBuildFile; fileRef = 4C828F441B4C3C36003A7DB2 /* GameScene.swift */; };
		4C828F471B4C3C36003A7DB2 /* GameViewController.swift in Sources */ = {isa = PBXBuildFile; fileRef = 4C828F461B4C3C36003A7DB2 /* GameViewController.swift */; };
		4C828F4A1B4C3C36003A7DB2 /* Main.storyboard in Resources */ = {isa = PBXBuildFile; fileRef = 4C828F481B4C3C36003A7DB2 /* Main.storyboard */; };
		4C828F4C1B4C3C36003A7DB2 /* Assets.xcassets in Resources */ = {isa = PBXBuildFile; fileRef = 4C828F4B1B4C3C36003A7DB2 /* Assets.xcassets */; };
		4C828F4F1B4C3C36003A7DB2 /* LaunchScreen.storyboard in Resources */ = {isa = PBXBuildFile; fileRef = 4C828F4D1B4C3C36003A7DB2 /* LaunchScreen.storyboard */; };
		4C828F5A1B4C3C36003A7DB2 /* SwiftrisTests.swift in Sources */ = {isa = PBXBuildFile; fileRef = 4C828F591B4C3C36003A7DB2 /* SwiftrisTests.swift */; };
		4C828F651B4C3C36003A7DB2 /* SwiftrisUITests.swift in Sources */ = {isa = PBXBuildFile; fileRef = 4C828F641B4C3C36003A7DB2 /* SwiftrisUITests.swift */; };
		4CFCE1411B4EE7790018DA95 /* Block.swift in Sources */ = {isa = PBXBuildFile; fileRef = 4CFCE1401B4EE7790018DA95 /* Block.swift */; };
		4CFCE1431B4EF3F10018DA95 /* Shape.swift in Sources */ = {isa = PBXBuildFile; fileRef = 4CFCE1421B4EF3F10018DA95 /* Shape.swift */; };
/* End PBXBuildFile section */

/* Begin PBXContainerItemProxy section */
		4C828F561B4C3C36003A7DB2 /* PBXContainerItemProxy */ = {
			isa = PBXContainerItemProxy;
			containerPortal = 4C828F351B4C3C36003A7DB2 /* Project object */;
			proxyType = 1;
			remoteGlobalIDString = 4C828F3C1B4C3C36003A7DB2;
			remoteInfo = Swiftris;
		};
		4C828F611B4C3C36003A7DB2 /* PBXContainerItemProxy */ = {
			isa = PBXContainerItemProxy;
			containerPortal = 4C828F351B4C3C36003A7DB2 /* Project object */;
			proxyType = 1;
			remoteGlobalIDString = 4C828F3C1B4C3C36003A7DB2;
			remoteInfo = Swiftris;
		};
/* End PBXContainerItemProxy section */

/* Begin PBXFileReference section */
		4C0F81631B4C414900F40CE5 /* bomb.mp3 */ = {isa = PBXFileReference; lastKnownFileType = audio.mp3; path = bomb.mp3; sourceTree = "<group>"; };
		4C0F81641B4C414900F40CE5 /* drop.mp3 */ = {isa = PBXFileReference; lastKnownFileType = audio.mp3; path = drop.mp3; sourceTree = "<group>"; };
		4C0F81651B4C414900F40CE5 /* gameover.mp3 */ = {isa = PBXFileReference; lastKnownFileType = audio.mp3; path = gameover.mp3; sourceTree = "<group>"; };
		4C0F81661B4C414900F40CE5 /* levelup.mp3 */ = {isa = PBXFileReference; lastKnownFileType = audio.mp3; path = levelup.mp3; sourceTree = "<group>"; };
		4C0F81671B4C414900F40CE5 /* theme.mp3 */ = {isa = PBXFileReference; lastKnownFileType = audio.mp3; path = theme.mp3; sourceTree = "<group>"; };
		4C0F816E1B4C416E00F40CE5 /* background.png */ = {isa = PBXFileReference; lastKnownFileType = image.png; path = background.png; sourceTree = "<group>"; };
		4C0F816F1B4C416E00F40CE5 /* background@2x.png */ = {isa = PBXFileReference; lastKnownFileType = image.png; path = "background@2x.png"; sourceTree = "<group>"; };
		4C0F81701B4C416E00F40CE5 /* gameboard.png */ = {isa = PBXFileReference; lastKnownFileType = image.png; path = gameboard.png; sourceTree = "<group>"; };
		4C0F81711B4C416E00F40CE5 /* gameboard@2x.png */ = {isa = PBXFileReference; lastKnownFileType = image.png; path = "gameboard@2x.png"; sourceTree = "<group>"; };
		4C0F81721B4C416E00F40CE5 /* whitebg.png */ = {isa = PBXFileReference; lastKnownFileType = image.png; path = whitebg.png; sourceTree = "<group>"; };
		4C0F81731B4C416E00F40CE5 /* whitebg@2x.png */ = {isa = PBXFileReference; lastKnownFileType = image.png; path = "whitebg@2x.png"; sourceTree = "<group>"; };
		4C0F817A1B4C41A200F40CE5 /* Sprites.atlas */ = {isa = PBXFileReference; lastKnownFileType = folder.skatlas; path = Sprites.atlas; sourceTree = "<group>"; };
		4C0F817C1B4C565E00F40CE5 /* Array2D.swift */ = {isa = PBXFileReference; fileEncoding = 4; lastKnownFileType = sourcecode.swift; name = Array2D.swift; path = ../Array2D.swift; sourceTree = "<group>"; };
		4C828F3D1B4C3C36003A7DB2 /* Swiftris.app */ = {isa = PBXFileReference; explicitFileType = wrapper.application; includeInIndex = 0; path = Swiftris.app; sourceTree = BUILT_PRODUCTS_DIR; };
		4C828F401B4C3C36003A7DB2 /* AppDelegate.swift */ = {isa = PBXFileReference; lastKnownFileType = sourcecode.swift; path = AppDelegate.swift; sourceTree = "<group>"; };
		4C828F441B4C3C36003A7DB2 /* GameScene.swift */ = {isa = PBXFileReference; lastKnownFileType = sourcecode.swift; path = GameScene.swift; sourceTree = "<group>"; };
		4C828F461B4C3C36003A7DB2 /* GameViewController.swift */ = {isa = PBXFileReference; lastKnownFileType = sourcecode.swift; path = GameViewController.swift; sourceTree = "<group>"; };
		4C828F491B4C3C36003A7DB2 /* Base */ = {isa = PBXFileReference; lastKnownFileType = file.storyboard; name = Base; path = Base.lproj/Main.storyboard; sourceTree = "<group>"; };
		4C828F4B1B4C3C36003A7DB2 /* Assets.xcassets */ = {isa = PBXFileReference; lastKnownFileType = folder.assetcatalog; path = Assets.xcassets; sourceTree = "<group>"; };
		4C828F4E1B4C3C36003A7DB2 /* Base */ = {isa = PBXFileReference; lastKnownFileType = file.storyboard; name = Base; path = Base.lproj/LaunchScreen.storyboard; sourceTree = "<group>"; };
		4C828F501B4C3C36003A7DB2 /* Info.plist */ = {isa = PBXFileReference; lastKnownFileType = text.plist.xml; path = Info.plist; sourceTree = "<group>"; };
		4C828F551B4C3C36003A7DB2 /* SwiftrisTests.xctest */ = {isa = PBXFileReference; explicitFileType = wrapper.cfbundle; includeInIndex = 0; path = SwiftrisTests.xctest; sourceTree = BUILT_PRODUCTS_DIR; };
		4C828F591B4C3C36003A7DB2 /* SwiftrisTests.swift */ = {isa = PBXFileReference; lastKnownFileType = sourcecode.swift; path = SwiftrisTests.swift; sourceTree = "<group>"; };
		4C828F5B1B4C3C36003A7DB2 /* Info.plist */ = {isa = PBXFileReference; lastKnownFileType = text.plist.xml; path = Info.plist; sourceTree = "<group>"; };
		4C828F601B4C3C36003A7DB2 /* SwiftrisUITests.xctest */ = {isa = PBXFileReference; explicitFileType = wrapper.cfbundle; includeInIndex = 0; path = SwiftrisUITests.xctest; sourceTree = BUILT_PRODUCTS_DIR; };
		4C828F641B4C3C36003A7DB2 /* SwiftrisUITests.swift */ = {isa = PBXFileReference; lastKnownFileType = sourcecode.swift; path = SwiftrisUITests.swift; sourceTree = "<group>"; };
		4C828F661B4C3C36003A7DB2 /* Info.plist */ = {isa = PBXFileReference; lastKnownFileType = text.plist.xml; path = Info.plist; sourceTree = "<group>"; };
		4CFCE1401B4EE7790018DA95 /* Block.swift */ = {isa = PBXFileReference; fileEncoding = 4; lastKnownFileType = sourcecode.swift; path = Block.swift; sourceTree = "<group>"; };
		4CFCE1421B4EF3F10018DA95 /* Shape.swift */ = {isa = PBXFileReference; fileEncoding = 4; lastKnownFileType = sourcecode.swift; path = Shape.swift; sourceTree = "<group>"; };
/* End PBXFileReference section */

/* Begin PBXFrameworksBuildPhase section */
		4C828F3A1B4C3C36003A7DB2 /* Frameworks */ = {
			isa = PBXFrameworksBuildPhase;
			buildActionMask = 2147483647;
			files = (
			);
			runOnlyForDeploymentPostprocessing = 0;
		};
		4C828F521B4C3C36003A7DB2 /* Frameworks */ = {
			isa = PBXFrameworksBuildPhase;
			buildActionMask = 2147483647;
			files = (
			);
			runOnlyForDeploymentPostprocessing = 0;
		};
		4C828F5D1B4C3C36003A7DB2 /* Frameworks */ = {
			isa = PBXFrameworksBuildPhase;
			buildActionMask = 2147483647;
			files = (
			);
			runOnlyForDeploymentPostprocessing = 0;
		};
/* End PBXFrameworksBuildPhase section */

/* Begin PBXGroup section */
		4C0F81621B4C414900F40CE5 /* Sounds */ = {
			isa = PBXGroup;
			children = (
				4C0F81631B4C414900F40CE5 /* bomb.mp3 */,
				4C0F81641B4C414900F40CE5 /* drop.mp3 */,
				4C0F81651B4C414900F40CE5 /* gameover.mp3 */,
				4C0F81661B4C414900F40CE5 /* levelup.mp3 */,
				4C0F81671B4C414900F40CE5 /* theme.mp3 */,
			);
			path = Sounds;
			sourceTree = "<group>";
		};
		4C0F816D1B4C416E00F40CE5 /* Images */ = {
			isa = PBXGroup;
			children = (
				4C0F817A1B4C41A200F40CE5 /* Sprites.atlas */,
				4C0F816E1B4C416E00F40CE5 /* background.png */,
				4C0F816F1B4C416E00F40CE5 /* background@2x.png */,
				4C0F81701B4C416E00F40CE5 /* gameboard.png */,
				4C0F81711B4C416E00F40CE5 /* gameboard@2x.png */,
				4C0F81721B4C416E00F40CE5 /* whitebg.png */,
				4C0F81731B4C416E00F40CE5 /* whitebg@2x.png */,
			);
			path = Images;
			sourceTree = "<group>";
		};
		4C828F341B4C3C36003A7DB2 = {
			isa = PBXGroup;
			children = (
				4C828F3F1B4C3C36003A7DB2 /* Swiftris */,
				4C828F581B4C3C36003A7DB2 /* SwiftrisTests */,
				4C828F631B4C3C36003A7DB2 /* SwiftrisUITests */,
				4C828F3E1B4C3C36003A7DB2 /* Products */,
			);
			sourceTree = "<group>";
		};
		4C828F3E1B4C3C36003A7DB2 /* Products */ = {
			isa = PBXGroup;
			children = (
				4C828F3D1B4C3C36003A7DB2 /* Swiftris.app */,
				4C828F551B4C3C36003A7DB2 /* SwiftrisTests.xctest */,
				4C828F601B4C3C36003A7DB2 /* SwiftrisUITests.xctest */,
			);
			name = Products;
			sourceTree = "<group>";
		};
		4C828F3F1B4C3C36003A7DB2 /* Swiftris */ = {
			isa = PBXGroup;
			children = (
				4C828F401B4C3C36003A7DB2 /* AppDelegate.swift */,
				4C828F441B4C3C36003A7DB2 /* GameScene.swift */,
				4CFCE1401B4EE7790018DA95 /* Block.swift */,
				4CFCE1421B4EF3F10018DA95 /* Shape.swift */,
				4C828F461B4C3C36003A7DB2 /* GameViewController.swift */,
				4C828F481B4C3C36003A7DB2 /* Main.storyboard */,
				4C828F4B1B4C3C36003A7DB2 /* Assets.xcassets */,
				4C0F816D1B4C416E00F40CE5 /* Images */,
				4C0F81621B4C414900F40CE5 /* Sounds */,
				4C828F4D1B4C3C36003A7DB2 /* LaunchScreen.storyboard */,
				4C0F817C1B4C565E00F40CE5 /* Array2D.swift */,
				4C828F501B4C3C36003A7DB2 /* Info.plist */,
			);
			path = Swiftris;
			sourceTree = "<group>";
		};
		4C828F581B4C3C36003A7DB2 /* SwiftrisTests */ = {
			isa = PBXGroup;
			children = (
				4C828F591B4C3C36003A7DB2 /* SwiftrisTests.swift */,
				4C828F5B1B4C3C36003A7DB2 /* Info.plist */,
			);
			path = SwiftrisTests;
			sourceTree = "<group>";
		};
		4C828F631B4C3C36003A7DB2 /* SwiftrisUITests */ = {
			isa = PBXGroup;
			children = (
				4C828F641B4C3C36003A7DB2 /* SwiftrisUITests.swift */,
				4C828F661B4C3C36003A7DB2 /* Info.plist */,
			);
			path = SwiftrisUITests;
			sourceTree = "<group>";
		};
/* End PBXGroup section */

/* Begin PBXNativeTarget section */
		4C828F3C1B4C3C36003A7DB2 /* Swiftris */ = {
			isa = PBXNativeTarget;
			buildConfigurationList = 4C828F691B4C3C36003A7DB2 /* Build configuration list for PBXNativeTarget "Swiftris" */;
			buildPhases = (
				4C828F391B4C3C36003A7DB2 /* Sources */,
				4C828F3A1B4C3C36003A7DB2 /* Frameworks */,
				4C828F3B1B4C3C36003A7DB2 /* Resources */,
			);
			buildRules = (
			);
			dependencies = (
			);
			name = Swiftris;
			productName = Swiftris;
			productReference = 4C828F3D1B4C3C36003A7DB2 /* Swiftris.app */;
			productType = "com.apple.product-type.application";
		};
		4C828F541B4C3C36003A7DB2 /* SwiftrisTests */ = {
			isa = PBXNativeTarget;
			buildConfigurationList = 4C828F6C1B4C3C36003A7DB2 /* Build configuration list for PBXNativeTarget "SwiftrisTests" */;
			buildPhases = (
				4C828F511B4C3C36003A7DB2 /* Sources */,
				4C828F521B4C3C36003A7DB2 /* Frameworks */,
				4C828F531B4C3C36003A7DB2 /* Resources */,
			);
			buildRules = (
			);
			dependencies = (
				4C828F571B4C3C36003A7DB2 /* PBXTargetDependency */,
			);
			name = SwiftrisTests;
			productName = SwiftrisTests;
			productReference = 4C828F551B4C3C36003A7DB2 /* SwiftrisTests.xctest */;
			productType = "com.apple.product-type.bundle.unit-test";
		};
		4C828F5F1B4C3C36003A7DB2 /* SwiftrisUITests */ = {
			isa = PBXNativeTarget;
			buildConfigurationList = 4C828F6F1B4C3C36003A7DB2 /* Build configuration list for PBXNativeTarget "SwiftrisUITests" */;
			buildPhases = (
				4C828F5C1B4C3C36003A7DB2 /* Sources */,
				4C828F5D1B4C3C36003A7DB2 /* Frameworks */,
				4C828F5E1B4C3C36003A7DB2 /* Resources */,
			);
			buildRules = (
			);
			dependencies = (
				4C828F621B4C3C36003A7DB2 /* PBXTargetDependency */,
			);
			name = SwiftrisUITests;
			productName = SwiftrisUITests;
			productReference = 4C828F601B4C3C36003A7DB2 /* SwiftrisUITests.xctest */;
			productType = "com.apple.product-type.bundle.ui-testing";
		};
/* End PBXNativeTarget section */

/* Begin PBXProject section */
		4C828F351B4C3C36003A7DB2 /* Project object */ = {
			isa = PBXProject;
			attributes = {
				LastUpgradeCheck = 0700;
				ORGANIZATIONNAME = "Michael Halvorson";
				TargetAttributes = {
					4C828F3C1B4C3C36003A7DB2 = {
						CreatedOnToolsVersion = 7.0;
					};
					4C828F541B4C3C36003A7DB2 = {
						CreatedOnToolsVersion = 7.0;
						TestTargetID = 4C828F3C1B4C3C36003A7DB2;
					};
					4C828F5F1B4C3C36003A7DB2 = {
						CreatedOnToolsVersion = 7.0;
						TestTargetID = 4C828F3C1B4C3C36003A7DB2;
					};
				};
			};
			buildConfigurationList = 4C828F381B4C3C36003A7DB2 /* Build configuration list for PBXProject "Swiftris" */;
			compatibilityVersion = "Xcode 3.2";
			developmentRegion = English;
			hasScannedForEncodings = 0;
			knownRegions = (
				en,
				Base,
			);
			mainGroup = 4C828F341B4C3C36003A7DB2;
			productRefGroup = 4C828F3E1B4C3C36003A7DB2 /* Products */;
			projectDirPath = "";
			projectRoot = "";
			targets = (
				4C828F3C1B4C3C36003A7DB2 /* Swiftris */,
				4C828F541B4C3C36003A7DB2 /* SwiftrisTests */,
				4C828F5F1B4C3C36003A7DB2 /* SwiftrisUITests */,
			);
		};
/* End PBXProject section */

/* Begin PBXResourcesBuildPhase section */
		4C828F3B1B4C3C36003A7DB2 /* Resources */ = {
			isa = PBXResourcesBuildPhase;
			buildActionMask = 2147483647;
			files = (
				4C828F4F1B4C3C36003A7DB2 /* LaunchScreen.storyboard in Resources */,
				4C0F81691B4C414900F40CE5 /* drop.mp3 in Resources */,
				4C0F81781B4C416E00F40CE5 /* whitebg.png in Resources */,
				4C0F816C1B4C414900F40CE5 /* theme.mp3 in Resources */,
				4C0F81771B4C416E00F40CE5 /* gameboard@2x.png in Resources */,
				4C0F816A1B4C414900F40CE5 /* gameover.mp3 in Resources */,
				4C828F4C1B4C3C36003A7DB2 /* Assets.xcassets in Resources */,
				4C0F81791B4C416E00F40CE5 /* whitebg@2x.png in Resources */,
				4C0F816B1B4C414900F40CE5 /* levelup.mp3 in Resources */,
				4C0F817B1B4C41A200F40CE5 /* Sprites.atlas in Resources */,
				4C0F81681B4C414900F40CE5 /* bomb.mp3 in Resources */,
				4C0F81741B4C416E00F40CE5 /* background.png in Resources */,
				4C0F81751B4C416E00F40CE5 /* background@2x.png in Resources */,
				4C0F81761B4C416E00F40CE5 /* gameboard.png in Resources */,
				4C828F4A1B4C3C36003A7DB2 /* Main.storyboard in Resources */,
			);
			runOnlyForDeploymentPostprocessing = 0;
		};
		4C828F531B4C3C36003A7DB2 /* Resources */ = {
			isa = PBXResourcesBuildPhase;
			buildActionMask = 2147483647;
			files = (
			);
			runOnlyForDeploymentPostprocessing = 0;
		};
		4C828F5E1B4C3C36003A7DB2 /* Resources */ = {
			isa = PBXResourcesBuildPhase;
			buildActionMask = 2147483647;
			files = (
			);
			runOnlyForDeploymentPostprocessing = 0;
		};
/* End PBXResourcesBuildPhase section */

/* Begin PBXSourcesBuildPhase section */
		4C828F391B4C3C36003A7DB2 /* Sources */ = {
			isa = PBXSourcesBuildPhase;
			buildActionMask = 2147483647;
			files = (
				4C828F451B4C3C36003A7DB2 /* GameScene.swift in Sources */,
				4CFCE1431B4EF3F10018DA95 /* Shape.swift in Sources */,
				4C0F817D1B4C565E00F40CE5 /* Array2D.swift in Sources */,
				4CFCE1411B4EE7790018DA95 /* Block.swift in Sources */,
				4C828F471B4C3C36003A7DB2 /* GameViewController.swift in Sources */,
				4C828F411B4C3C36003A7DB2 /* AppDelegate.swift in Sources */,
			);
			runOnlyForDeploymentPostprocessing = 0;
		};
		4C828F511B4C3C36003A7DB2 /* Sources */ = {
			isa = PBXSourcesBuildPhase;
			buildActionMask = 2147483647;
			files = (
				4C828F5A1B4C3C36003A7DB2 /* SwiftrisTests.swift in Sources */,
			);
			runOnlyForDeploymentPostprocessing = 0;
		};
		4C828F5C1B4C3C36003A7DB2 /* Sources */ = {
			isa = PBXSourcesBuildPhase;
			buildActionMask = 2147483647;
			files = (
				4C828F651B4C3C36003A7DB2 /* SwiftrisUITests.swift in Sources */,
			);
			runOnlyForDeploymentPostprocessing = 0;
		};
/* End PBXSourcesBuildPhase section */

/* Begin PBXTargetDependency section */
		4C828F571B4C3C36003A7DB2 /* PBXTargetDependency */ = {
			isa = PBXTargetDependency;
			target = 4C828F3C1B4C3C36003A7DB2 /* Swiftris */;
			targetProxy = 4C828F561B4C3C36003A7DB2 /* PBXContainerItemProxy */;
		};
		4C828F621B4C3C36003A7DB2 /* PBXTargetDependency */ = {
			isa = PBXTargetDependency;
			target = 4C828F3C1B4C3C36003A7DB2 /* Swiftris */;
			targetProxy = 4C828F611B4C3C36003A7DB2 /* PBXContainerItemProxy */;
		};
/* End PBXTargetDependency section */

/* Begin PBXVariantGroup section */
		4C828F481B4C3C36003A7DB2 /* Main.storyboard */ = {
			isa = PBXVariantGroup;
			children = (
				4C828F491B4C3C36003A7DB2 /* Base */,
			);
			name = Main.storyboard;
			sourceTree = "<group>";
		};
		4C828F4D1B4C3C36003A7DB2 /* LaunchScreen.storyboard */ = {
			isa = PBXVariantGroup;
			children = (
				4C828F4E1B4C3C36003A7DB2 /* Base */,
			);
			name = LaunchScreen.storyboard;
			sourceTree = "<group>";
		};
/* End PBXVariantGroup section */

/* Begin XCBuildConfiguration section */
		4C828F671B4C3C36003A7DB2 /* Debug */ = {
			isa = XCBuildConfiguration;
			buildSettings = {
				ALWAYS_SEARCH_USER_PATHS = NO;
				CLANG_CXX_LANGUAGE_STANDARD = "gnu++0x";
				CLANG_CXX_LIBRARY = "libc++";
				CLANG_ENABLE_MODULES = YES;
				CLANG_ENABLE_OBJC_ARC = YES;
				CLANG_WARN_BOOL_CONVERSION = YES;
				CLANG_WARN_CONSTANT_CONVERSION = YES;
				CLANG_WARN_DIRECT_OBJC_ISA_USAGE = YES_ERROR;
				CLANG_WARN_EMPTY_BODY = YES;
				CLANG_WARN_ENUM_CONVERSION = YES;
				CLANG_WARN_INT_CONVERSION = YES;
				CLANG_WARN_OBJC_ROOT_CLASS = YES_ERROR;
				CLANG_WARN_UNREACHABLE_CODE = YES;
				CLANG_WARN__DUPLICATE_METHOD_MATCH = YES;
				"CODE_SIGN_IDENTITY[sdk=iphoneos*]" = "iPhone Developer";
				COPY_PHASE_STRIP = NO;
				DEBUG_INFORMATION_FORMAT = dwarf;
				ENABLE_STRICT_OBJC_MSGSEND = YES;
				ENABLE_TESTABILITY = YES;
				GCC_C_LANGUAGE_STANDARD = gnu99;
				GCC_DYNAMIC_NO_PIC = NO;
				GCC_NO_COMMON_BLOCKS = YES;
				GCC_OPTIMIZATION_LEVEL = 0;
				GCC_PREPROCESSOR_DEFINITIONS = (
					"DEBUG=1",
					"$(inherited)",
				);
				GCC_WARN_64_TO_32_BIT_CONVERSION = YES;
				GCC_WARN_ABOUT_RETURN_TYPE = YES_ERROR;
				GCC_WARN_UNDECLARED_SELECTOR = YES;
				GCC_WARN_UNINITIALIZED_AUTOS = YES_AGGRESSIVE;
				GCC_WARN_UNUSED_FUNCTION = YES;
				GCC_WARN_UNUSED_VARIABLE = YES;
				IPHONEOS_DEPLOYMENT_TARGET = 9.0;
				MTL_ENABLE_DEBUG_INFO = YES;
				ONLY_ACTIVE_ARCH = YES;
				SDKROOT = iphoneos;
				SWIFT_OPTIMIZATION_LEVEL = "-Onone";
			};
			name = Debug;
		};
		4C828F681B4C3C36003A7DB2 /* Release */ = {
			isa = XCBuildConfiguration;
			buildSettings = {
				ALWAYS_SEARCH_USER_PATHS = NO;
				CLANG_CXX_LANGUAGE_STANDARD = "gnu++0x";
				CLANG_CXX_LIBRARY = "libc++";
				CLANG_ENABLE_MODULES = YES;
				CLANG_ENABLE_OBJC_ARC = YES;
				CLANG_WARN_BOOL_CONVERSION = YES;
				CLANG_WARN_CONSTANT_CONVERSION = YES;
				CLANG_WARN_DIRECT_OBJC_ISA_USAGE = YES_ERROR;
				CLANG_WARN_EMPTY_BODY = YES;
				CLANG_WARN_ENUM_CONVERSION = YES;
				CLANG_WARN_INT_CONVERSION = YES;
				CLANG_WARN_OBJC_ROOT_CLASS = YES_ERROR;
				CLANG_WARN_UNREACHABLE_CODE = YES;
				CLANG_WARN__DUPLICATE_METHOD_MATCH = YES;
				"CODE_SIGN_IDENTITY[sdk=iphoneos*]" = "iPhone Developer";
				COPY_PHASE_STRIP = NO;
				DEBUG_INFORMATION_FORMAT = "dwarf-with-dsym";
				ENABLE_NS_ASSERTIONS = NO;
				ENABLE_STRICT_OBJC_MSGSEND = YES;
				GCC_C_LANGUAGE_STANDARD = gnu99;
				GCC_NO_COMMON_BLOCKS = YES;
				GCC_WARN_64_TO_32_BIT_CONVERSION = YES;
				GCC_WARN_ABOUT_RETURN_TYPE = YES_ERROR;
				GCC_WARN_UNDECLARED_SELECTOR = YES;
				GCC_WARN_UNINITIALIZED_AUTOS = YES_AGGRESSIVE;
				GCC_WARN_UNUSED_FUNCTION = YES;
				GCC_WARN_UNUSED_VARIABLE = YES;
				IPHONEOS_DEPLOYMENT_TARGET = 9.0;
				MTL_ENABLE_DEBUG_INFO = NO;
				SDKROOT = iphoneos;
				VALIDATE_PRODUCT = YES;
			};
			name = Release;
		};
		4C828F6A1B4C3C36003A7DB2 /* Debug */ = {
			isa = XCBuildConfiguration;
			buildSettings = {
				ASSETCATALOG_COMPILER_APPICON_NAME = AppIcon;
				INFOPLIST_FILE = Swiftris/Info.plist;
				LD_RUNPATH_SEARCH_PATHS = "$(inherited) @executable_path/Frameworks";
				PRODUCT_BUNDLE_IDENTIFIER = Bloc.io.Swiftris;
				PRODUCT_NAME = "$(TARGET_NAME)";
			};
			name = Debug;
		};
		4C828F6B1B4C3C36003A7DB2 /* Release */ = {
			isa = XCBuildConfiguration;
			buildSettings = {
				ASSETCATALOG_COMPILER_APPICON_NAME = AppIcon;
				INFOPLIST_FILE = Swiftris/Info.plist;
				LD_RUNPATH_SEARCH_PATHS = "$(inherited) @executable_path/Frameworks";
				PRODUCT_BUNDLE_IDENTIFIER = Bloc.io.Swiftris;
				PRODUCT_NAME = "$(TARGET_NAME)";
			};
			name = Release;
		};
		4C828F6D1B4C3C36003A7DB2 /* Debug */ = {
			isa = XCBuildConfiguration;
			buildSettings = {
				BUNDLE_LOADER = "$(TEST_HOST)";
				INFOPLIST_FILE = SwiftrisTests/Info.plist;
				LD_RUNPATH_SEARCH_PATHS = "$(inherited) @executable_path/Frameworks @loader_path/Frameworks";
				PRODUCT_BUNDLE_IDENTIFIER = Bloc.io.SwiftrisTests;
				PRODUCT_NAME = "$(TARGET_NAME)";
				TEST_HOST = "$(BUILT_PRODUCTS_DIR)/Swiftris.app/Swiftris";
			};
			name = Debug;
		};
		4C828F6E1B4C3C36003A7DB2 /* Release */ = {
			isa = XCBuildConfiguration;
			buildSettings = {
				BUNDLE_LOADER = "$(TEST_HOST)";
				INFOPLIST_FILE = SwiftrisTests/Info.plist;
				LD_RUNPATH_SEARCH_PATHS = "$(inherited) @executable_path/Frameworks @loader_path/Frameworks";
				PRODUCT_BUNDLE_IDENTIFIER = Bloc.io.SwiftrisTests;
				PRODUCT_NAME = "$(TARGET_NAME)";
				TEST_HOST = "$(BUILT_PRODUCTS_DIR)/Swiftris.app/Swiftris";
			};
			name = Release;
		};
		4C828F701B4C3C36003A7DB2 /* Debug */ = {
			isa = XCBuildConfiguration;
			buildSettings = {
				INFOPLIST_FILE = SwiftrisUITests/Info.plist;
				LD_RUNPATH_SEARCH_PATHS = "$(inherited) @executable_path/Frameworks @loader_path/Frameworks";
				PRODUCT_BUNDLE_IDENTIFIER = Bloc.io.SwiftrisUITests;
				PRODUCT_NAME = "$(TARGET_NAME)";
				TEST_TARGET_NAME = Swiftris;
				USES_XCTRUNNER = YES;
			};
			name = Debug;
		};
		4C828F711B4C3C36003A7DB2 /* Release */ = {
			isa = XCBuildConfiguration;
			buildSettings = {
				INFOPLIST_FILE = SwiftrisUITests/Info.plist;
				LD_RUNPATH_SEARCH_PATHS = "$(inherited) @executable_path/Frameworks @loader_path/Frameworks";
				PRODUCT_BUNDLE_IDENTIFIER = Bloc.io.SwiftrisUITests;
				PRODUCT_NAME = "$(TARGET_NAME)";
				TEST_TARGET_NAME = Swiftris;
				USES_XCTRUNNER = YES;
			};
			name = Release;
		};
/* End XCBuildConfiguration section */

/* Begin XCConfigurationList section */
		4C828F381B4C3C36003A7DB2 /* Build configuration list for PBXProject "Swiftris" */ = {
			isa = XCConfigurationList;
			buildConfigurations = (
				4C828F671B4C3C36003A7DB2 /* Debug */,
				4C828F681B4C3C36003A7DB2 /* Release */,
			);
			defaultConfigurationIsVisible = 0;
			defaultConfigurationName = Release;
		};
		4C828F691B4C3C36003A7DB2 /* Build configuration list for PBXNativeTarget "Swiftris" */ = {
			isa = XCConfigurationList;
			buildConfigurations = (
				4C828F6A1B4C3C36003A7DB2 /* Debug */,
				4C828F6B1B4C3C36003A7DB2 /* Release */,
			);
			defaultConfigurationIsVisible = 0;
			defaultConfigurationName = Release;
		};
		4C828F6C1B4C3C36003A7DB2 /* Build configuration list for PBXNativeTarget "SwiftrisTests" */ = {
			isa = XCConfigurationList;
			buildConfigurations = (
				4C828F6D1B4C3C36003A7DB2 /* Debug */,
				4C828F6E1B4C3C36003A7DB2 /* Release */,
			);
			defaultConfigurationIsVisible = 0;
			defaultConfigurationName = Release;
		};
		4C828F6F1B4C3C36003A7DB2 /* Build configuration list for PBXNativeTarget "SwiftrisUITests" */ = {
			isa = XCConfigurationList;
			buildConfigurations = (
				4C828F701B4C3C36003A7DB2 /* Debug */,
				4C828F711B4C3C36003A7DB2 /* Release */,
			);
			defaultConfigurationIsVisible = 0;
			defaultConfigurationName = Release;
		};
/* End XCConfigurationList section */
	};
	rootObject = 4C828F351B4C3C36003A7DB2 /* Project object */;
}
